
Microsoft Visual Studio Solution File, Format Version 12.00
# Visual Studio Version 16
VisualStudioVersion = 16.0.31702.278
MinimumVisualStudioVersion = 10.0.40219.1
Project("{FAE04EC0-301F-11D3-BF4B-00C04F79EFBC}") = "EdgeDriverTest1", "EdgeDriverTest1\EdgeDriverTest1.csproj", "{A3514C9B-56A7-43E6-9FC4-DE2F3A321961}"
EndProject
Global
	GlobalSection(SolutionConfigurationPlatforms) = preSolution
		Debug|Any CPU = Debug|Any CPU
		Release|Any CPU = Release|Any CPU
	EndGlobalSection
	GlobalSection(ProjectConfigurationPlatforms) = postSolution
		{A3514C9B-56A7-43E6-9FC4-DE2F3A321961}.Debug|Any CPU.ActiveCfg = Debug|Any CPU
		{A3514C9B-56A7-43E6-9FC4-DE2F3A321961}.Debug|Any CPU.Build.0 = Debug|Any CPU
		{A3514C9B-56A7-43E6-9FC4-DE2F3A321961}.Release|Any CPU.ActiveCfg = Release|Any CPU
		{A3514C9B-56A7-43E6-9FC4-DE2F3A321961}.Release|Any CPU.Build.0 = Release|Any CPU
	EndGlobalSection
	GlobalSection(SolutionProperties) = preSolution
		HideSolutionNode = FALSE
	EndGlobalSection
	GlobalSection(ExtensibilityGlobals) = postSolution
		SolutionGuid = {6F197991-FDF6-41B7-BDAD-FD735DE6C05C}
	EndGlobalSection
EndGlobal
